
Microsoft Visual Studio Solution File, Format Version 9.00
# Visual Studio 2005
Project("{F184B08F-C81C-45F6-A57F-5ABD9991F28F}") = "Z80Debug", "Z80Debug.vbproj", "{AD143FC5-D9F4-4D7B-9735-582C444C1357}"
EndProject
Global
	GlobalSection(SolutionConfigurationPlatforms) = preSolution
		Debug|Any CPU = Debug|Any CPU
		Release|Any CPU = Release|Any CPU
	EndGlobalSection
	GlobalSection(ProjectConfigurationPlatforms) = postSolution
		{AD143FC5-D9F4-4D7B-9735-582C444C1357}.Debug|Any CPU.ActiveCfg = Debug|Any CPU
		{AD143FC5-D9F4-4D7B-9735-582C444C1357}.Debug|Any CPU.Build.0 = Debug|Any CPU
		{AD143FC5-D9F4-4D7B-9735-582C444C1357}.Release|Any CPU.ActiveCfg = Release|Any CPU
		{AD143FC5-D9F4-4D7B-9735-582C444C1357}.Release|Any CPU.Build.0 = Release|Any CPU
	EndGlobalSection
	GlobalSection(SolutionProperties) = preSolution
		HideSolutionNode = FALSE
	EndGlobalSection
EndGlobal
